
Microsoft Visual Studio Solution File, Format Version 12.00
# Visual Studio Version 16
VisualStudioVersion = 16.0.32630.194
MinimumVisualStudioVersion = 10.0.40219.1
Project("{FAE04EC0-301F-11D3-BF4B-00C04F79EFBC}") = "ki", "ki.csproj", "{A20C347B-5154-47B9-A275-36157BF73352}"
EndProject
Project("{2150E333-8FDC-42A3-9474-1A3956D46DE8}") = "Solution Items", "Solution Items", "{DD7996BC-2458-41C8-8E28-F646461402B4}"
	ProjectSection(SolutionItems) = preProject
		.editorconfig = .editorconfig
	EndProjectSection
EndProject
Global
	GlobalSection(SolutionConfigurationPlatforms) = preSolution
		Debug|Any CPU = Debug|Any CPU
		Release|Any CPU = Release|Any CPU
	EndGlobalSection
	GlobalSection(ProjectConfigurationPlatforms) = postSolution
		{A20C347B-5154-47B9-A275-36157BF73352}.Debug|Any CPU.ActiveCfg = Debug|Any CPU
		{A20C347B-5154-47B9-A275-36157BF73352}.Debug|Any CPU.Build.0 = Debug|Any CPU
		{A20C347B-5154-47B9-A275-36157BF73352}.Release|Any CPU.ActiveCfg = Release|Any CPU
		{A20C347B-5154-47B9-A275-36157BF73352}.Release|Any CPU.Build.0 = Release|Any CPU
	EndGlobalSection
	GlobalSection(SolutionProperties) = preSolution
		HideSolutionNode = FALSE
	EndGlobalSection
	GlobalSection(ExtensibilityGlobals) = postSolution
		SolutionGuid = {114897D3-FB72-434D-8E41-9152E13000C8}
	EndGlobalSection
EndGlobal
