{
  "name": "myproject",
  "version": "1.0.0",
  "lockfileVersion": 1,
  "requires": true,
  "dependencies": {
    "@types/microsoft-ajax": {
      "version": "0.0.37",
      "resolved": "https://registry.npmjs.org/@types/microsoft-ajax/-/microsoft-ajax-0.0.37.tgz",
      "integrity": "sha512-Y5WhLt8s/ADXSKROE067Qm7rGH/16jPYswPOKxFx9ipxldm2ZXPENzQuzyvuxqkHR2LFvsvbHIswmi05qdUD9g==",
      "dev": true
    }
  }
}
